// !$*UTF8*$!
{
	archiveVersion = 1;
	classes = {
	};
	objectVersion = 50;
	objects = {

/* Begin PBXBuildFile section */
		74ACB4FC216E2C4C0046992A /* AppDelegate.swift in Sources */ = {isa = PBXBuildFile; fileRef = 74ACB4FB216E2C4C0046992A /* AppDelegate.swift */; };
		74ACB4FE216E2C4C0046992A /* ViewController.swift in Sources */ = {isa = PBXBuildFile; fileRef = 74ACB4FD216E2C4C0046992A /* ViewController.swift */; };
		74ACB501216E2C4C0046992A /* Main.storyboard in Resources */ = {isa = PBXBuildFile; fileRef = 74ACB4FF216E2C4C0046992A /* Main.storyboard */; };
		74ACB503216E2C4C0046992A /* Assets.xcassets in Resources */ = {isa = PBXBuildFile; fileRef = 74ACB502216E2C4C0046992A /* Assets.xcassets */; };
		74ACB506216E2C4C0046992A /* LaunchScreen.storyboard in Resources */ = {isa = PBXBuildFile; fileRef = 74ACB504216E2C4C0046992A /* LaunchScreen.storyboard */; };
		74ACB511216E2C4C0046992A /* QuizTests.swift in Sources */ = {isa = PBXBuildFile; fileRef = 74ACB510216E2C4C0046992A /* QuizTests.swift */; };
		74ACB51C216E2C4C0046992A /* QuizUITests.swift in Sources */ = {isa = PBXBuildFile; fileRef = 74ACB51B216E2C4C0046992A /* QuizUITests.swift */; };
/* End PBXBuildFile section */

/* Begin PBXContainerItemProxy section */
		74ACB50D216E2C4C0046992A /* PBXContainerItemProxy */ = {
			isa = PBXContainerItemProxy;
			containerPortal = 74ACB4F0216E2C4C0046992A /* Project object */;
			proxyType = 1;
			remoteGlobalIDString = 74ACB4F7216E2C4C0046992A;
			remoteInfo = Quiz;
		};
		74ACB518216E2C4C0046992A /* PBXContainerItemProxy */ = {
			isa = PBXContainerItemProxy;
			containerPortal = 74ACB4F0216E2C4C0046992A /* Project object */;
			proxyType = 1;
			remoteGlobalIDString = 74ACB4F7216E2C4C0046992A;
			remoteInfo = Quiz;
		};
/* End PBXContainerItemProxy section */

/* Begin PBXFileReference section */
		74ACB4F8216E2C4C0046992A /* Quiz.app */ = {isa = PBXFileReference; explicitFileType = wrapper.application; includeInIndex = 0; path = Quiz.app; sourceTree = BUILT_PRODUCTS_DIR; };
		74ACB4FB216E2C4C0046992A /* AppDelegate.swift */ = {isa = PBXFileReference; lastKnownFileType = sourcecode.swift; path = AppDelegate.swift; sourceTree = "<group>"; };
		74ACB4FD216E2C4C0046992A /* ViewController.swift */ = {isa = PBXFileReference; lastKnownFileType = sourcecode.swift; path = ViewController.swift; sourceTree = "<group>"; };
		74ACB500216E2C4C0046992A /* Base */ = {isa = PBXFileReference; lastKnownFileType = file.storyboard; name = Base; path = Base.lproj/Main.storyboard; sourceTree = "<group>"; };
		74ACB502216E2C4C0046992A /* Assets.xcassets */ = {isa = PBXFileReference; lastKnownFileType = folder.assetcatalog; path = Assets.xcassets; sourceTree = "<group>"; };
		74ACB505216E2C4C0046992A /* Base */ = {isa = PBXFileReference; lastKnownFileType = file.storyboard; name = Base; path = Base.lproj/LaunchScreen.storyboard; sourceTree = "<group>"; };
		74ACB507216E2C4C0046992A /* Info.plist */ = {isa = PBXFileReference; lastKnownFileType = text.plist.xml; path = Info.plist; sourceTree = "<group>"; };
		74ACB50C216E2C4C0046992A /* QuizTests.xctest */ = {isa = PBXFileReference; explicitFileType = wrapper.cfbundle; includeInIndex = 0; path = QuizTests.xctest; sourceTree = BUILT_PRODUCTS_DIR; };
		74ACB510216E2C4C0046992A /* QuizTests.swift */ = {isa = PBXFileReference; lastKnownFileType = sourcecode.swift; path = QuizTests.swift; sourceTree = "<group>"; };
		74ACB512216E2C4C0046992A /* Info.plist */ = {isa = PBXFileReference; lastKnownFileType = text.plist.xml; path = Info.plist; sourceTree = "<group>"; };
		74ACB517216E2C4C0046992A /* QuizUITests.xctest */ = {isa = PBXFileReference; explicitFileType = wrapper.cfbundle; includeInIndex = 0; path = QuizUITests.xctest; sourceTree = BUILT_PRODUCTS_DIR; };
		74ACB51B216E2C4C0046992A /* QuizUITests.swift */ = {isa = PBXFileReference; lastKnownFileType = sourcecode.swift; path = QuizUITests.swift; sourceTree = "<group>"; };
		74ACB51D216E2C4C0046992A /* Info.plist */ = {isa = PBXFileReference; lastKnownFileType = text.plist.xml; path = Info.plist; sourceTree = "<group>"; };
/* End PBXFileReference section */

/* Begin PBXFrameworksBuildPhase section */
		74ACB4F5216E2C4C0046992A /* Frameworks */ = {
			isa = PBXFrameworksBuildPhase;
			buildActionMask = 2147483647;
			files = (
			);
			runOnlyForDeploymentPostprocessing = 0;
		};
		74ACB509216E2C4C0046992A /* Frameworks */ = {
			isa = PBXFrameworksBuildPhase;
			buildActionMask = 2147483647;
			files = (
			);
			runOnlyForDeploymentPostprocessing = 0;
		};
		74ACB514216E2C4C0046992A /* Frameworks */ = {
			isa = PBXFrameworksBuildPhase;
			buildActionMask = 2147483647;
			files = (
			);
			runOnlyForDeploymentPostprocessing = 0;
		};
/* End PBXFrameworksBuildPhase section */

/* Begin PBXGroup section */
		74ACB4EF216E2C4C0046992A = {
			isa = PBXGroup;
			children = (
				74ACB4FA216E2C4C0046992A /* Quiz */,
				74ACB50F216E2C4C0046992A /* QuizTests */,
				74ACB51A216E2C4C0046992A /* QuizUITests */,
				74ACB4F9216E2C4C0046992A /* Products */,
			);
			sourceTree = "<group>";
		};
		74ACB4F9216E2C4C0046992A /* Products */ = {
			isa = PBXGroup;
			children = (
				74ACB4F8216E2C4C0046992A /* Quiz.app */,
				74ACB50C216E2C4C0046992A /* QuizTests.xctest */,
				74ACB517216E2C4C0046992A /* QuizUITests.xctest */,
			);
			name = Products;
			sourceTree = "<group>";
		};
		74ACB4FA216E2C4C0046992A /* Quiz */ = {
			isa = PBXGroup;
			children = (
				74ACB4FB216E2C4C0046992A /* AppDelegate.swift */,
				74ACB4FD216E2C4C0046992A /* ViewController.swift */,
				74ACB4FF216E2C4C0046992A /* Main.storyboard */,
				74ACB502216E2C4C0046992A /* Assets.xcassets */,
				74ACB504216E2C4C0046992A /* LaunchScreen.storyboard */,
				74ACB507216E2C4C0046992A /* Info.plist */,
			);
			path = Quiz;
			sourceTree = "<group>";
		};
		74ACB50F216E2C4C0046992A /* QuizTests */ = {
			isa = PBXGroup;
			children = (
				74ACB510216E2C4C0046992A /* QuizTests.swift */,
				74ACB512216E2C4C0046992A /* Info.plist */,
			);
			path = QuizTests;
			sourceTree = "<group>";
		};
		74ACB51A216E2C4C0046992A /* QuizUITests */ = {
			isa = PBXGroup;
			children = (
				74ACB51B216E2C4C0046992A /* QuizUITests.swift */,
				74ACB51D216E2C4C0046992A /* Info.plist */,
			);
			path = QuizUITests;
			sourceTree = "<group>";
		};
/* End PBXGroup section */

/* Begin PBXNativeTarget section */
		74ACB4F7216E2C4C0046992A /* Quiz */ = {
			isa = PBXNativeTarget;
			buildConfigurationList = 74ACB520216E2C4C0046992A /* Build configuration list for PBXNativeTarget "Quiz" */;
			buildPhases = (
				74ACB4F4216E2C4C0046992A /* Sources */,
				74ACB4F5216E2C4C0046992A /* Frameworks */,
				74ACB4F6216E2C4C0046992A /* Resources */,
			);
			buildRules = (
			);
			dependencies = (
			);
			name = Quiz;
			productName = Quiz;
			productReference = 74ACB4F8216E2C4C0046992A /* Quiz.app */;
			productType = "com.apple.product-type.application";
		};
		74ACB50B216E2C4C0046992A /* QuizTests */ = {
			isa = PBXNativeTarget;
			buildConfigurationList = 74ACB523216E2C4C0046992A /* Build configuration list for PBXNativeTarget "QuizTests" */;
			buildPhases = (
				74ACB508216E2C4C0046992A /* Sources */,
				74ACB509216E2C4C0046992A /* Frameworks */,
				74ACB50A216E2C4C0046992A /* Resources */,
			);
			buildRules = (
			);
			dependencies = (
				74ACB50E216E2C4C0046992A /* PBXTargetDependency */,
			);
			name = QuizTests;
			productName = QuizTests;
			productReference = 74ACB50C216E2C4C0046992A /* QuizTests.xctest */;
			productType = "com.apple.product-type.bundle.unit-test";
		};
		74ACB516216E2C4C0046992A /* QuizUITests */ = {
			isa = PBXNativeTarget;
			buildConfigurationList = 74ACB526216E2C4C0046992A /* Build configuration list for PBXNativeTarget "QuizUITests" */;
			buildPhases = (
				74ACB513216E2C4C0046992A /* Sources */,
				74ACB514216E2C4C0046992A /* Frameworks */,
				74ACB515216E2C4C0046992A /* Resources */,
			);
			buildRules = (
			);
			dependencies = (
				74ACB519216E2C4C0046992A /* PBXTargetDependency */,
			);
			name = QuizUITests;
			productName = QuizUITests;
			productReference = 74ACB517216E2C4C0046992A /* QuizUITests.xctest */;
			productType = "com.apple.product-type.bundle.ui-testing";
		};
/* End PBXNativeTarget section */

/* Begin PBXProject section */
		74ACB4F0216E2C4C0046992A /* Project object */ = {
			isa = PBXProject;
			attributes = {
				LastSwiftUpdateCheck = 1000;
				LastUpgradeCheck = 1000;
				ORGANIZATIONNAME = "王春杉";
				TargetAttributes = {
					74ACB4F7216E2C4C0046992A = {
						CreatedOnToolsVersion = 10.0;
					};
					74ACB50B216E2C4C0046992A = {
						CreatedOnToolsVersion = 10.0;
						TestTargetID = 74ACB4F7216E2C4C0046992A;
					};
					74ACB516216E2C4C0046992A = {
						CreatedOnToolsVersion = 10.0;
						TestTargetID = 74ACB4F7216E2C4C0046992A;
					};
				};
			};
			buildConfigurationList = 74ACB4F3216E2C4C0046992A /* Build configuration list for PBXProject "Quiz" */;
			compatibilityVersion = "Xcode 9.3";
			developmentRegion = en;
			hasScannedForEncodings = 0;
			knownRegions = (
				en,
				Base,
			);
			mainGroup = 74ACB4EF216E2C4C0046992A;
			productRefGroup = 74ACB4F9216E2C4C0046992A /* Products */;
			projectDirPath = "";
			projectRoot = "";
			targets = (
				74ACB4F7216E2C4C0046992A /* Quiz */,
				74ACB50B216E2C4C0046992A /* QuizTests */,
				74ACB516216E2C4C0046992A /* QuizUITests */,
			);
		};
/* End PBXProject section */

/* Begin PBXResourcesBuildPhase section */
		74ACB4F6216E2C4C0046992A /* Resources */ = {
			isa = PBXResourcesBuildPhase;
			buildActionMask = 2147483647;
			files = (
				74ACB506216E2C4C0046992A /* LaunchScreen.storyboard in Resources */,
				74ACB503216E2C4C0046992A /* Assets.xcassets in Resources */,
				74ACB501216E2C4C0046992A /* Main.storyboard in Resources */,
			);
			runOnlyForDeploymentPostprocessing = 0;
		};
		74ACB50A216E2C4C0046992A /* Resources */ = {
			isa = PBXResourcesBuildPhase;
			buildActionMask = 2147483647;
			files = (
			);
			runOnlyForDeploymentPostprocessing = 0;
		};
		74ACB515216E2C4C0046992A /* Resources */ = {
			isa = PBXResourcesBuildPhase;
			buildActionMask = 2147483647;
			files = (
			);
			runOnlyForDeploymentPostprocessing = 0;
		};
/* End PBXResourcesBuildPhase section */

/* Begin PBXSourcesBuildPhase section */
		74ACB4F4216E2C4C0046992A /* Sources */ = {
			isa = PBXSourcesBuildPhase;
			buildActionMask = 2147483647;
			files = (
				74ACB4FE216E2C4C0046992A /* ViewController.swift in Sources */,
				74ACB4FC216E2C4C0046992A /* AppDelegate.swift in Sources */,
			);
			runOnlyForDeploymentPostprocessing = 0;
		};
		74ACB508216E2C4C0046992A /* Sources */ = {
			isa = PBXSourcesBuildPhase;
			buildActionMask = 2147483647;
			files = (
				74ACB511216E2C4C0046992A /* QuizTests.swift in Sources */,
			);
			runOnlyForDeploymentPostprocessing = 0;
		};
		74ACB513216E2C4C0046992A /* Sources */ = {
			isa = PBXSourcesBuildPhase;
			buildActionMask = 2147483647;
			files = (
				74ACB51C216E2C4C0046992A /* QuizUITests.swift in Sources */,
			);
			runOnlyForDeploymentPostprocessing = 0;
		};
/* End PBXSourcesBuildPhase section */

/* Begin PBXTargetDependency section */
		74ACB50E216E2C4C0046992A /* PBXTargetDependency */ = {
			isa = PBXTargetDependency;
			target = 74ACB4F7216E2C4C0046992A /* Quiz */;
			targetProxy = 74ACB50D216E2C4C0046992A /* PBXContainerItemProxy */;
		};
		74ACB519216E2C4C0046992A /* PBXTargetDependency */ = {
			isa = PBXTargetDependency;
			target = 74ACB4F7216E2C4C0046992A /* Quiz */;
			targetProxy = 74ACB518216E2C4C0046992A /* PBXContainerItemProxy */;
		};
/* End PBXTargetDependency section */

/* Begin PBXVariantGroup section */
		74ACB4FF216E2C4C0046992A /* Main.storyboard */ = {
			isa = PBXVariantGroup;
			children = (
				74ACB500216E2C4C0046992A /* Base */,
			);
			name = Main.storyboard;
			sourceTree = "<group>";
		};
		74ACB504216E2C4C0046992A /* LaunchScreen.storyboard */ = {
			isa = PBXVariantGroup;
			children = (
				74ACB505216E2C4C0046992A /* Base */,
			);
			name = LaunchScreen.storyboard;
			sourceTree = "<group>";
		};
/* End PBXVariantGroup section */

/* Begin XCBuildConfiguration section */
		74ACB51E216E2C4C0046992A /* Debug */ = {
			isa = XCBuildConfiguration;
			buildSettings = {
				ALWAYS_SEARCH_USER_PATHS = NO;
				CLANG_ANALYZER_NONNULL = YES;
				CLANG_ANALYZER_NUMBER_OBJECT_CONVERSION = YES_AGGRESSIVE;
				CLANG_CXX_LANGUAGE_STANDARD = "gnu++14";
				CLANG_CXX_LIBRARY = "libc++";
				CLANG_ENABLE_MODULES = YES;
				CLANG_ENABLE_OBJC_ARC = YES;
				CLANG_ENABLE_OBJC_WEAK = YES;
				CLANG_WARN_BLOCK_CAPTURE_AUTORELEASING = YES;
				CLANG_WARN_BOOL_CONVERSION = YES;
				CLANG_WARN_COMMA = YES;
				CLANG_WARN_CONSTANT_CONVERSION = YES;
				CLANG_WARN_DEPRECATED_OBJC_IMPLEMENTATIONS = YES;
				CLANG_WARN_DIRECT_OBJC_ISA_USAGE = YES_ERROR;
				CLANG_WARN_DOCUMENTATION_COMMENTS = YES;
				CLANG_WARN_EMPTY_BODY = YES;
				CLANG_WARN_ENUM_CONVERSION = YES;
				CLANG_WARN_INFINITE_RECURSION = YES;
				CLANG_WARN_INT_CONVERSION = YES;
				CLANG_WARN_NON_LITERAL_NULL_CONVERSION = YES;
				CLANG_WARN_OBJC_IMPLICIT_RETAIN_SELF = YES;
				CLANG_WARN_OBJC_LITERAL_CONVERSION = YES;
				CLANG_WARN_OBJC_ROOT_CLASS = YES_ERROR;
				CLANG_WARN_RANGE_LOOP_ANALYSIS = YES;
				CLANG_WARN_STRICT_PROTOTYPES = YES;
				CLANG_WARN_SUSPICIOUS_MOVE = YES;
				CLANG_WARN_UNGUARDED_AVAILABILITY = YES_AGGRESSIVE;
				CLANG_WARN_UNREACHABLE_CODE = YES;
				CLANG_WARN__DUPLICATE_METHOD_MATCH = YES;
				CODE_SIGN_IDENTITY = "iPhone Developer";
				COPY_PHASE_STRIP = NO;
				DEBUG_INFORMATION_FORMAT = dwarf;
				ENABLE_STRICT_OBJC_MSGSEND = YES;
				ENABLE_TESTABILITY = YES;
				GCC_C_LANGUAGE_STANDARD = gnu11;
				GCC_DYNAMIC_NO_PIC = NO;
				GCC_NO_COMMON_BLOCKS = YES;
				GCC_OPTIMIZATION_LEVEL = 0;
				GCC_PREPROCESSOR_DEFINITIONS = (
					"DEBUG=1",
					"$(inherited)",
				);
				GCC_WARN_64_TO_32_BIT_CONVERSION = YES;
				GCC_WARN_ABOUT_RETURN_TYPE = YES_ERROR;
				GCC_WARN_UNDECLARED_SELECTOR = YES;
				GCC_WARN_UNINITIALIZED_AUTOS = YES_AGGRESSIVE;
				GCC_WARN_UNUSED_FUNCTION = YES;
				GCC_WARN_UNUSED_VARIABLE = YES;
				IPHONEOS_DEPLOYMENT_TARGET = 12.0;
				MTL_ENABLE_DEBUG_INFO = INCLUDE_SOURCE;
				MTL_FAST_MATH = YES;
				ONLY_ACTIVE_ARCH = YES;
				SDKROOT = iphoneos;
				SWIFT_ACTIVE_COMPILATION_CONDITIONS = DEBUG;
				SWIFT_OPTIMIZATION_LEVEL = "-Onone";
			};
			name = Debug;
		};
		74ACB51F216E2C4C0046992A /* Release */ = {
			isa = XCBuildConfiguration;
			buildSettings = {
				ALWAYS_SEARCH_USER_PATHS = NO;
				CLANG_ANALYZER_NONNULL = YES;
				CLANG_ANALYZER_NUMBER_OBJECT_CONVERSION = YES_AGGRESSIVE;
				CLANG_CXX_LANGUAGE_STANDARD = "gnu++14";
				CLANG_CXX_LIBRARY = "libc++";
				CLANG_ENABLE_MODULES = YES;
				CLANG_ENABLE_OBJC_ARC = YES;
				CLANG_ENABLE_OBJC_WEAK = YES;
				CLANG_WARN_BLOCK_CAPTURE_AUTORELEASING = YES;
				CLANG_WARN_BOOL_CONVERSION = YES;
				CLANG_WARN_COMMA = YES;
				CLANG_WARN_CONSTANT_CONVERSION = YES;
				CLANG_WARN_DEPRECATED_OBJC_IMPLEMENTATIONS = YES;
				CLANG_WARN_DIRECT_OBJC_ISA_USAGE = YES_ERROR;
				CLANG_WARN_DOCUMENTATION_COMMENTS = YES;
				CLANG_WARN_EMPTY_BODY = YES;
				CLANG_WARN_ENUM_CONVERSION = YES;
				CLANG_WARN_INFINITE_RECURSION = YES;
				CLANG_WARN_INT_CONVERSION = YES;
				CLANG_WARN_NON_LITERAL_NULL_CONVERSION = YES;
				CLANG_WARN_OBJC_IMPLICIT_RETAIN_SELF = YES;
				CLANG_WARN_OBJC_LITERAL_CONVERSION = YES;
				CLANG_WARN_OBJC_ROOT_CLASS = YES_ERROR;
				CLANG_WARN_RANGE_LOOP_ANALYSIS = YES;
				CLANG_WARN_STRICT_PROTOTYPES = YES;
				CLANG_WARN_SUSPICIOUS_MOVE = YES;
				CLANG_WARN_UNGUARDED_AVAILABILITY = YES_AGGRESSIVE;
				CLANG_WARN_UNREACHABLE_CODE = YES;
				CLANG_WARN__DUPLICATE_METHOD_MATCH = YES;
				CODE_SIGN_IDENTITY = "iPhone Developer";
				COPY_PHASE_STRIP = NO;
				DEBUG_INFORMATION_FORMAT = "dwarf-with-dsym";
				ENABLE_NS_ASSERTIONS = NO;
				ENABLE_STRICT_OBJC_MSGSEND = YES;
				GCC_C_LANGUAGE_STANDARD = gnu11;
				GCC_NO_COMMON_BLOCKS = YES;
				GCC_WARN_64_TO_32_BIT_CONVERSION = YES;
				GCC_WARN_ABOUT_RETURN_TYPE = YES_ERROR;
				GCC_WARN_UNDECLARED_SELECTOR = YES;
				GCC_WARN_UNINITIALIZED_AUTOS = YES_AGGRESSIVE;
				GCC_WARN_UNUSED_FUNCTION = YES;
				GCC_WARN_UNUSED_VARIABLE = YES;
				IPHONEOS_DEPLOYMENT_TARGET = 12.0;
				MTL_ENABLE_DEBUG_INFO = NO;
				MTL_FAST_MATH = YES;
				SDKROOT = iphoneos;
				SWIFT_COMPILATION_MODE = wholemodule;
				SWIFT_OPTIMIZATION_LEVEL = "-O";
				VALIDATE_PRODUCT = YES;
			};
			name = Release;
		};
		74ACB521216E2C4C0046992A /* Debug */ = {
			isa = XCBuildConfiguration;
			buildSettings = {
				ASSETCATALOG_COMPILER_APPICON_NAME = AppIcon;
				CODE_SIGN_STYLE = Automatic;
				INFOPLIST_FILE = Quiz/Info.plist;
				LD_RUNPATH_SEARCH_PATHS = (
					"$(inherited)",
					"@executable_path/Frameworks",
				);
				PRODUCT_BUNDLE_IDENTIFIER = com.twtstudio.Quiz;
				PRODUCT_NAME = "$(TARGET_NAME)";
				SWIFT_VERSION = 4.2;
				TARGETED_DEVICE_FAMILY = "1,2";
			};
			name = Debug;
		};
		74ACB522216E2C4C0046992A /* Release */ = {
			isa = XCBuildConfiguration;
			buildSettings = {
				ASSETCATALOG_COMPILER_APPICON_NAME = AppIcon;
				CODE_SIGN_STYLE = Automatic;
				INFOPLIST_FILE = Quiz/Info.plist;
				LD_RUNPATH_SEARCH_PATHS = (
					"$(inherited)",
					"@executable_path/Frameworks",
				);
				PRODUCT_BUNDLE_IDENTIFIER = com.twtstudio.Quiz;
				PRODUCT_NAME = "$(TARGET_NAME)";
				SWIFT_VERSION = 4.2;
				TARGETED_DEVICE_FAMILY = "1,2";
			};
			name = Release;
		};
		74ACB524216E2C4C0046992A /* Debug */ = {
			isa = XCBuildConfiguration;
			buildSettings = {
				ALWAYS_EMBED_SWIFT_STANDARD_LIBRARIES = YES;
				BUNDLE_LOADER = "$(TEST_HOST)";
				CODE_SIGN_STYLE = Automatic;
				INFOPLIST_FILE = QuizTests/Info.plist;
				LD_RUNPATH_SEARCH_PATHS = (
					"$(inherited)",
					"@executable_path/Frameworks",
					"@loader_path/Frameworks",
				);
				PRODUCT_BUNDLE_IDENTIFIER = com.twtstudio.QuizTests;
				PRODUCT_NAME = "$(TARGET_NAME)";
				SWIFT_VERSION = 4.2;
				TARGETED_DEVICE_FAMILY = "1,2";
				TEST_HOST = "$(BUILT_PRODUCTS_DIR)/Quiz.app/Quiz";
			};
			name = Debug;
		};
		74ACB525216E2C4C0046992A /* Release */ = {
			isa = XCBuildConfiguration;
			buildSettings = {
				ALWAYS_EMBED_SWIFT_STANDARD_LIBRARIES = YES;
				BUNDLE_LOADER = "$(TEST_HOST)";
				CODE_SIGN_STYLE = Automatic;
				INFOPLIST_FILE = QuizTests/Info.plist;
				LD_RUNPATH_SEARCH_PATHS = (
					"$(inherited)",
					"@executable_path/Frameworks",
					"@loader_path/Frameworks",
				);
				PRODUCT_BUNDLE_IDENTIFIER = com.twtstudio.QuizTests;
				PRODUCT_NAME = "$(TARGET_NAME)";
				SWIFT_VERSION = 4.2;
				TARGETED_DEVICE_FAMILY = "1,2";
				TEST_HOST = "$(BUILT_PRODUCTS_DIR)/Quiz.app/Quiz";
			};
			name = Release;
		};
		74ACB527216E2C4C0046992A /* Debug */ = {
			isa = XCBuildConfiguration;
			buildSettings = {
				ALWAYS_EMBED_SWIFT_STANDARD_LIBRARIES = YES;
				CODE_SIGN_STYLE = Automatic;
				INFOPLIST_FILE = QuizUITests/Info.plist;
				LD_RUNPATH_SEARCH_PATHS = (
					"$(inherited)",
					"@executable_path/Frameworks",
					"@loader_path/Frameworks",
				);
				PRODUCT_BUNDLE_IDENTIFIER = com.twtstudio.QuizUITests;
				PRODUCT_NAME = "$(TARGET_NAME)";
				SWIFT_VERSION = 4.2;
				TARGETED_DEVICE_FAMILY = "1,2";
				TEST_TARGET_NAME = Quiz;
			};
			name = Debug;
		};
		74ACB528216E2C4C0046992A /* Release */ = {
			isa = XCBuildConfiguration;
			buildSettings = {
				ALWAYS_EMBED_SWIFT_STANDARD_LIBRARIES = YES;
				CODE_SIGN_STYLE = Automatic;
				INFOPLIST_FILE = QuizUITests/Info.plist;
				LD_RUNPATH_SEARCH_PATHS = (
					"$(inherited)",
					"@executable_path/Frameworks",
					"@loader_path/Frameworks",
				);
				PRODUCT_BUNDLE_IDENTIFIER = com.twtstudio.QuizUITests;
				PRODUCT_NAME = "$(TARGET_NAME)";
				SWIFT_VERSION = 4.2;
				TARGETED_DEVICE_FAMILY = "1,2";
				TEST_TARGET_NAME = Quiz;
			};
			name = Release;
		};
/* End XCBuildConfiguration section */

/* Begin XCConfigurationList section */
		74ACB4F3216E2C4C0046992A /* Build configuration list for PBXProject "Quiz" */ = {
			isa = XCConfigurationList;
			buildConfigurations = (
				74ACB51E216E2C4C0046992A /* Debug */,
				74ACB51F216E2C4C0046992A /* Release */,
			);
			defaultConfigurationIsVisible = 0;
			defaultConfigurationName = Release;
		};
		74ACB520216E2C4C0046992A /* Build configuration list for PBXNativeTarget "Quiz" */ = {
			isa = XCConfigurationList;
			buildConfigurations = (
				74ACB521216E2C4C0046992A /* Debug */,
				74ACB522216E2C4C0046992A /* Release */,
			);
			defaultConfigurationIsVisible = 0;
			defaultConfigurationName = Release;
		};
		74ACB523216E2C4C0046992A /* Build configuration list for PBXNativeTarget "QuizTests" */ = {
			isa = XCConfigurationList;
			buildConfigurations = (
				74ACB524216E2C4C0046992A /* Debug */,
				74ACB525216E2C4C0046992A /* Release */,
			);
			defaultConfigurationIsVisible = 0;
			defaultConfigurationName = Release;
		};
		74ACB526216E2C4C0046992A /* Build configuration list for PBXNativeTarget "QuizUITests" */ = {
			isa = XCConfigurationList;
			buildConfigurations = (
				74ACB527216E2C4C0046992A /* Debug */,
				74ACB528216E2C4C0046992A /* Release */,
			);
			defaultConfigurationIsVisible = 0;
			defaultConfigurationName = Release;
		};
/* End XCConfigurationList section */
	};
	rootObject = 74ACB4F0216E2C4C0046992A /* Project object */;
}
